{
    "name": "helloworld",
    "version": "1.0.0",
    "lockfileVersion": 1,
    "requires": true,
    "dependencies": {
        "cordova-plugin-apiai": {
            "version": "1.7.4",
            "resolved": "https://registry.npmjs.org/cordova-plugin-apiai/-/cordova-plugin-apiai-1.7.4.tgz",
            "integrity": "sha1-VtgUEJTGmsVywbQ9BtOUe1podUw="
        },
        "cordova-plugin-speechrecognition": {
            "version": "1.2.0",
            "resolved": "https://registry.npmjs.org/cordova-plugin-speechrecognition/-/cordova-plugin-speechrecognition-1.2.0.tgz",
            "integrity": "sha1-AF8QyJb9kpPYWH/lUiorZC3qlwo="
        }
    }
}
